// !$*UTF8*$!
{
	archiveVersion = 1;
	classes = {
	};
	objectVersion = 46;
	objects = {

/* Begin PBXBuildFile section */
		A05807BF1DB859C900831576 /* main.m in Sources */ = {isa = PBXBuildFile; fileRef = A05807BE1DB859C900831576 /* main.m */; };
		A05807C21DB859C900831576 /* AppDelegate.m in Sources */ = {isa = PBXBuildFile; fileRef = A05807C11DB859C900831576 /* AppDelegate.m */; };
		A05807C51DB859C900831576 /* ViewController.m in Sources */ = {isa = PBXBuildFile; fileRef = A05807C41DB859C900831576 /* ViewController.m */; };
		A05807C81DB859C900831576 /* Main.storyboard in Resources */ = {isa = PBXBuildFile; fileRef = A05807C61DB859C900831576 /* Main.storyboard */; };
		A05807CA1DB859C900831576 /* Assets.xcassets in Resources */ = {isa = PBXBuildFile; fileRef = A05807C91DB859C900831576 /* Assets.xcassets */; };
		A05807CD1DB859C900831576 /* LaunchScreen.storyboard in Resources */ = {isa = PBXBuildFile; fileRef = A05807CB1DB859C900831576 /* LaunchScreen.storyboard */; };
		A05807D81DB859C900831576 /* _DTouchDemoTests.m in Sources */ = {isa = PBXBuildFile; fileRef = A05807D71DB859C900831576 /* _DTouchDemoTests.m */; };
		A05807E31DB859C900831576 /* _DTouchDemoUITests.m in Sources */ = {isa = PBXBuildFile; fileRef = A05807E21DB859C900831576 /* _DTouchDemoUITests.m */; };
/* End PBXBuildFile section */

/* Begin PBXContainerItemProxy section */
		A05807D41DB859C900831576 /* PBXContainerItemProxy */ = {
			isa = PBXContainerItemProxy;
			containerPortal = A05807B21DB859C900831576 /* Project object */;
			proxyType = 1;
			remoteGlobalIDString = A05807B91DB859C900831576;
			remoteInfo = 3DTouchDemo;
		};
		A05807DF1DB859C900831576 /* PBXContainerItemProxy */ = {
			isa = PBXContainerItemProxy;
			containerPortal = A05807B21DB859C900831576 /* Project object */;
			proxyType = 1;
			remoteGlobalIDString = A05807B91DB859C900831576;
			remoteInfo = 3DTouchDemo;
		};
/* End PBXContainerItemProxy section */

/* Begin PBXFileReference section */
		A05807BA1DB859C900831576 /* 3DTouchDemo.app */ = {isa = PBXFileReference; explicitFileType = wrapper.application; includeInIndex = 0; path = 3DTouchDemo.app; sourceTree = BUILT_PRODUCTS_DIR; };
		A05807BE1DB859C900831576 /* main.m */ = {isa = PBXFileReference; lastKnownFileType = sourcecode.c.objc; path = main.m; sourceTree = "<group>"; };
		A05807C01DB859C900831576 /* AppDelegate.h */ = {isa = PBXFileReference; lastKnownFileType = sourcecode.c.h; path = AppDelegate.h; sourceTree = "<group>"; };
		A05807C11DB859C900831576 /* AppDelegate.m */ = {isa = PBXFileReference; lastKnownFileType = sourcecode.c.objc; path = AppDelegate.m; sourceTree = "<group>"; };
		A05807C31DB859C900831576 /* ViewController.h */ = {isa = PBXFileReference; lastKnownFileType = sourcecode.c.h; path = ViewController.h; sourceTree = "<group>"; };
		A05807C41DB859C900831576 /* ViewController.m */ = {isa = PBXFileReference; lastKnownFileType = sourcecode.c.objc; path = ViewController.m; sourceTree = "<group>"; };
		A05807C71DB859C900831576 /* Base */ = {isa = PBXFileReference; lastKnownFileType = file.storyboard; name = Base; path = Base.lproj/Main.storyboard; sourceTree = "<group>"; };
		A05807C91DB859C900831576 /* Assets.xcassets */ = {isa = PBXFileReference; lastKnownFileType = folder.assetcatalog; path = Assets.xcassets; sourceTree = "<group>"; };
		A05807CC1DB859C900831576 /* Base */ = {isa = PBXFileReference; lastKnownFileType = file.storyboard; name = Base; path = Base.lproj/LaunchScreen.storyboard; sourceTree = "<group>"; };
		A05807CE1DB859C900831576 /* Info.plist */ = {isa = PBXFileReference; lastKnownFileType = text.plist.xml; path = Info.plist; sourceTree = "<group>"; };
		A05807D31DB859C900831576 /* 3DTouchDemoTests.xctest */ = {isa = PBXFileReference; explicitFileType = wrapper.cfbundle; includeInIndex = 0; path = 3DTouchDemoTests.xctest; sourceTree = BUILT_PRODUCTS_DIR; };
		A05807D71DB859C900831576 /* _DTouchDemoTests.m */ = {isa = PBXFileReference; lastKnownFileType = sourcecode.c.objc; path = _DTouchDemoTests.m; sourceTree = "<group>"; };
		A05807D91DB859C900831576 /* Info.plist */ = {isa = PBXFileReference; lastKnownFileType = text.plist.xml; path = Info.plist; sourceTree = "<group>"; };
		A05807DE1DB859C900831576 /* 3DTouchDemoUITests.xctest */ = {isa = PBXFileReference; explicitFileType = wrapper.cfbundle; includeInIndex = 0; path = 3DTouchDemoUITests.xctest; sourceTree = BUILT_PRODUCTS_DIR; };
		A05807E21DB859C900831576 /* _DTouchDemoUITests.m */ = {isa = PBXFileReference; lastKnownFileType = sourcecode.c.objc; path = _DTouchDemoUITests.m; sourceTree = "<group>"; };
		A05807E41DB859C900831576 /* Info.plist */ = {isa = PBXFileReference; lastKnownFileType = text.plist.xml; path = Info.plist; sourceTree = "<group>"; };
/* End PBXFileReference section */

/* Begin PBXFrameworksBuildPhase section */
		A05807B71DB859C900831576 /* Frameworks */ = {
			isa = PBXFrameworksBuildPhase;
			buildActionMask = 2147483647;
			files = (
			);
			runOnlyForDeploymentPostprocessing = 0;
		};
		A05807D01DB859C900831576 /* Frameworks */ = {
			isa = PBXFrameworksBuildPhase;
			buildActionMask = 2147483647;
			files = (
			);
			runOnlyForDeploymentPostprocessing = 0;
		};
		A05807DB1DB859C900831576 /* Frameworks */ = {
			isa = PBXFrameworksBuildPhase;
			buildActionMask = 2147483647;
			files = (
			);
			runOnlyForDeploymentPostprocessing = 0;
		};
/* End PBXFrameworksBuildPhase section */

/* Begin PBXGroup section */
		A05807B11DB859C900831576 = {
			isa = PBXGroup;
			children = (
				A05807BC1DB859C900831576 /* 3DTouchDemo */,
				A05807D61DB859C900831576 /* 3DTouchDemoTests */,
				A05807E11DB859C900831576 /* 3DTouchDemoUITests */,
				A05807BB1DB859C900831576 /* Products */,
			);
			sourceTree = "<group>";
		};
		A05807BB1DB859C900831576 /* Products */ = {
			isa = PBXGroup;
			children = (
				A05807BA1DB859C900831576 /* 3DTouchDemo.app */,
				A05807D31DB859C900831576 /* 3DTouchDemoTests.xctest */,
				A05807DE1DB859C900831576 /* 3DTouchDemoUITests.xctest */,
			);
			name = Products;
			sourceTree = "<group>";
		};
		A05807BC1DB859C900831576 /* 3DTouchDemo */ = {
			isa = PBXGroup;
			children = (
				A05807C01DB859C900831576 /* AppDelegate.h */,
				A05807C11DB859C900831576 /* AppDelegate.m */,
				A05807C31DB859C900831576 /* ViewController.h */,
				A05807C41DB859C900831576 /* ViewController.m */,
				A05807C61DB859C900831576 /* Main.storyboard */,
				A05807C91DB859C900831576 /* Assets.xcassets */,
				A05807CB1DB859C900831576 /* LaunchScreen.storyboard */,
				A05807CE1DB859C900831576 /* Info.plist */,
				A05807BD1DB859C900831576 /* Supporting Files */,
			);
			path = 3DTouchDemo;
			sourceTree = "<group>";
		};
		A05807BD1DB859C900831576 /* Supporting Files */ = {
			isa = PBXGroup;
			children = (
				A05807BE1DB859C900831576 /* main.m */,
			);
			name = "Supporting Files";
			sourceTree = "<group>";
		};
		A05807D61DB859C900831576 /* 3DTouchDemoTests */ = {
			isa = PBXGroup;
			children = (
				A05807D71DB859C900831576 /* _DTouchDemoTests.m */,
				A05807D91DB859C900831576 /* Info.plist */,
			);
			path = 3DTouchDemoTests;
			sourceTree = "<group>";
		};
		A05807E11DB859C900831576 /* 3DTouchDemoUITests */ = {
			isa = PBXGroup;
			children = (
				A05807E21DB859C900831576 /* _DTouchDemoUITests.m */,
				A05807E41DB859C900831576 /* Info.plist */,
			);
			path = 3DTouchDemoUITests;
			sourceTree = "<group>";
		};
/* End PBXGroup section */

/* Begin PBXNativeTarget section */
		A05807B91DB859C900831576 /* 3DTouchDemo */ = {
			isa = PBXNativeTarget;
			buildConfigurationList = A05807E71DB859C900831576 /* Build configuration list for PBXNativeTarget "3DTouchDemo" */;
			buildPhases = (
				A05807B61DB859C900831576 /* Sources */,
				A05807B71DB859C900831576 /* Frameworks */,
				A05807B81DB859C900831576 /* Resources */,
			);
			buildRules = (
			);
			dependencies = (
			);
			name = 3DTouchDemo;
			productName = 3DTouchDemo;
			productReference = A05807BA1DB859C900831576 /* 3DTouchDemo.app */;
			productType = "com.apple.product-type.application";
		};
		A05807D21DB859C900831576 /* 3DTouchDemoTests */ = {
			isa = PBXNativeTarget;
			buildConfigurationList = A05807EA1DB859C900831576 /* Build configuration list for PBXNativeTarget "3DTouchDemoTests" */;
			buildPhases = (
				A05807CF1DB859C900831576 /* Sources */,
				A05807D01DB859C900831576 /* Frameworks */,
				A05807D11DB859C900831576 /* Resources */,
			);
			buildRules = (
			);
			dependencies = (
				A05807D51DB859C900831576 /* PBXTargetDependency */,
			);
			name = 3DTouchDemoTests;
			productName = 3DTouchDemoTests;
			productReference = A05807D31DB859C900831576 /* 3DTouchDemoTests.xctest */;
			productType = "com.apple.product-type.bundle.unit-test";
		};
		A05807DD1DB859C900831576 /* 3DTouchDemoUITests */ = {
			isa = PBXNativeTarget;
			buildConfigurationList = A05807ED1DB859C900831576 /* Build configuration list for PBXNativeTarget "3DTouchDemoUITests" */;
			buildPhases = (
				A05807DA1DB859C900831576 /* Sources */,
				A05807DB1DB859C900831576 /* Frameworks */,
				A05807DC1DB859C900831576 /* Resources */,
			);
			buildRules = (
			);
			dependencies = (
				A05807E01DB859C900831576 /* PBXTargetDependency */,
			);
			name = 3DTouchDemoUITests;
			productName = 3DTouchDemoUITests;
			productReference = A05807DE1DB859C900831576 /* 3DTouchDemoUITests.xctest */;
			productType = "com.apple.product-type.bundle.ui-testing";
		};
/* End PBXNativeTarget section */

/* Begin PBXProject section */
		A05807B21DB859C900831576 /* Project object */ = {
			isa = PBXProject;
			attributes = {
				LastUpgradeCheck = 0800;
				ORGANIZATIONNAME = Light;
				TargetAttributes = {
					A05807B91DB859C900831576 = {
						CreatedOnToolsVersion = 8.0;
						ProvisioningStyle = Automatic;
					};
					A05807D21DB859C900831576 = {
						CreatedOnToolsVersion = 8.0;
						ProvisioningStyle = Automatic;
						TestTargetID = A05807B91DB859C900831576;
					};
					A05807DD1DB859C900831576 = {
						CreatedOnToolsVersion = 8.0;
						ProvisioningStyle = Automatic;
						TestTargetID = A05807B91DB859C900831576;
					};
				};
			};
			buildConfigurationList = A05807B51DB859C900831576 /* Build configuration list for PBXProject "3DTouchDemo" */;
			compatibilityVersion = "Xcode 3.2";
			developmentRegion = English;
			hasScannedForEncodings = 0;
			knownRegions = (
				en,
				Base,
			);
			mainGroup = A05807B11DB859C900831576;
			productRefGroup = A05807BB1DB859C900831576 /* Products */;
			projectDirPath = "";
			projectRoot = "";
			targets = (
				A05807B91DB859C900831576 /* 3DTouchDemo */,
				A05807D21DB859C900831576 /* 3DTouchDemoTests */,
				A05807DD1DB859C900831576 /* 3DTouchDemoUITests */,
			);
		};
/* End PBXProject section */

/* Begin PBXResourcesBuildPhase section */
		A05807B81DB859C900831576 /* Resources */ = {
			isa = PBXResourcesBuildPhase;
			buildActionMask = 2147483647;
			files = (
				A05807CD1DB859C900831576 /* LaunchScreen.storyboard in Resources */,
				A05807CA1DB859C900831576 /* Assets.xcassets in Resources */,
				A05807C81DB859C900831576 /* Main.storyboard in Resources */,
			);
			runOnlyForDeploymentPostprocessing = 0;
		};
		A05807D11DB859C900831576 /* Resources */ = {
			isa = PBXResourcesBuildPhase;
			buildActionMask = 2147483647;
			files = (
			);
			runOnlyForDeploymentPostprocessing = 0;
		};
		A05807DC1DB859C900831576 /* Resources */ = {
			isa = PBXResourcesBuildPhase;
			buildActionMask = 2147483647;
			files = (
			);
			runOnlyForDeploymentPostprocessing = 0;
		};
/* End PBXResourcesBuildPhase section */

/* Begin PBXSourcesBuildPhase section */
		A05807B61DB859C900831576 /* Sources */ = {
			isa = PBXSourcesBuildPhase;
			buildActionMask = 2147483647;
			files = (
				A05807C51DB859C900831576 /* ViewController.m in Sources */,
				A05807C21DB859C900831576 /* AppDelegate.m in Sources */,
				A05807BF1DB859C900831576 /* main.m in Sources */,
			);
			runOnlyForDeploymentPostprocessing = 0;
		};
		A05807CF1DB859C900831576 /* Sources */ = {
			isa = PBXSourcesBuildPhase;
			buildActionMask = 2147483647;
			files = (
				A05807D81DB859C900831576 /* _DTouchDemoTests.m in Sources */,
			);
			runOnlyForDeploymentPostprocessing = 0;
		};
		A05807DA1DB859C900831576 /* Sources */ = {
			isa = PBXSourcesBuildPhase;
			buildActionMask = 2147483647;
			files = (
				A05807E31DB859C900831576 /* _DTouchDemoUITests.m in Sources */,
			);
			runOnlyForDeploymentPostprocessing = 0;
		};
/* End PBXSourcesBuildPhase section */

/* Begin PBXTargetDependency section */
		A05807D51DB859C900831576 /* PBXTargetDependency */ = {
			isa = PBXTargetDependency;
			target = A05807B91DB859C900831576 /* 3DTouchDemo */;
			targetProxy = A05807D41DB859C900831576 /* PBXContainerItemProxy */;
		};
		A05807E01DB859C900831576 /* PBXTargetDependency */ = {
			isa = PBXTargetDependency;
			target = A05807B91DB859C900831576 /* 3DTouchDemo */;
			targetProxy = A05807DF1DB859C900831576 /* PBXContainerItemProxy */;
		};
/* End PBXTargetDependency section */

/* Begin PBXVariantGroup section */
		A05807C61DB859C900831576 /* Main.storyboard */ = {
			isa = PBXVariantGroup;
			children = (
				A05807C71DB859C900831576 /* Base */,
			);
			name = Main.storyboard;
			sourceTree = "<group>";
		};
		A05807CB1DB859C900831576 /* LaunchScreen.storyboard */ = {
			isa = PBXVariantGroup;
			children = (
				A05807CC1DB859C900831576 /* Base */,
			);
			name = LaunchScreen.storyboard;
			sourceTree = "<group>";
		};
/* End PBXVariantGroup section */

/* Begin XCBuildConfiguration section */
		A05807E51DB859C900831576 /* Debug */ = {
			isa = XCBuildConfiguration;
			buildSettings = {
				ALWAYS_SEARCH_USER_PATHS = NO;
				CLANG_ANALYZER_NONNULL = YES;
				CLANG_CXX_LANGUAGE_STANDARD = "gnu++0x";
				CLANG_CXX_LIBRARY = "libc++";
				CLANG_ENABLE_MODULES = YES;
				CLANG_ENABLE_OBJC_ARC = YES;
				CLANG_WARN_BOOL_CONVERSION = YES;
				CLANG_WARN_CONSTANT_CONVERSION = YES;
				CLANG_WARN_DIRECT_OBJC_ISA_USAGE = YES_ERROR;
				CLANG_WARN_DOCUMENTATION_COMMENTS = YES;
				CLANG_WARN_EMPTY_BODY = YES;
				CLANG_WARN_ENUM_CONVERSION = YES;
				CLANG_WARN_INFINITE_RECURSION = YES;
				CLANG_WARN_INT_CONVERSION = YES;
				CLANG_WARN_OBJC_ROOT_CLASS = YES_ERROR;
				CLANG_WARN_SUSPICIOUS_MOVES = YES;
				CLANG_WARN_UNREACHABLE_CODE = YES;
				CLANG_WARN__DUPLICATE_METHOD_MATCH = YES;
				"CODE_SIGN_IDENTITY[sdk=iphoneos*]" = "iPhone Developer";
				COPY_PHASE_STRIP = NO;
				DEBUG_INFORMATION_FORMAT = dwarf;
				ENABLE_STRICT_OBJC_MSGSEND = YES;
				ENABLE_TESTABILITY = YES;
				GCC_C_LANGUAGE_STANDARD = gnu99;
				GCC_DYNAMIC_NO_PIC = NO;
				GCC_NO_COMMON_BLOCKS = YES;
				GCC_OPTIMIZATION_LEVEL = 0;
				GCC_PREPROCESSOR_DEFINITIONS = (
					"DEBUG=1",
					"$(inherited)",
				);
				GCC_WARN_64_TO_32_BIT_CONVERSION = YES;
				GCC_WARN_ABOUT_RETURN_TYPE = YES_ERROR;
				GCC_WARN_UNDECLARED_SELECTOR = YES;
				GCC_WARN_UNINITIALIZED_AUTOS = YES_AGGRESSIVE;
				GCC_WARN_UNUSED_FUNCTION = YES;
				GCC_WARN_UNUSED_VARIABLE = YES;
				IPHONEOS_DEPLOYMENT_TARGET = 10.0;
				MTL_ENABLE_DEBUG_INFO = YES;
				ONLY_ACTIVE_ARCH = YES;
				SDKROOT = iphoneos;
			};
			name = Debug;
		};
		A05807E61DB859C900831576 /* Release */ = {
			isa = XCBuildConfiguration;
			buildSettings = {
				ALWAYS_SEARCH_USER_PATHS = NO;
				CLANG_ANALYZER_NONNULL = YES;
				CLANG_CXX_LANGUAGE_STANDARD = "gnu++0x";
				CLANG_CXX_LIBRARY = "libc++";
				CLANG_ENABLE_MODULES = YES;
				CLANG_ENABLE_OBJC_ARC = YES;
				CLANG_WARN_BOOL_CONVERSION = YES;
				CLANG_WARN_CONSTANT_CONVERSION = YES;
				CLANG_WARN_DIRECT_OBJC_ISA_USAGE = YES_ERROR;
				CLANG_WARN_DOCUMENTATION_COMMENTS = YES;
				CLANG_WARN_EMPTY_BODY = YES;
				CLANG_WARN_ENUM_CONVERSION = YES;
				CLANG_WARN_INFINITE_RECURSION = YES;
				CLANG_WARN_INT_CONVERSION = YES;
				CLANG_WARN_OBJC_ROOT_CLASS = YES_ERROR;
				CLANG_WARN_SUSPICIOUS_MOVES = YES;
				CLANG_WARN_UNREACHABLE_CODE = YES;
				CLANG_WARN__DUPLICATE_METHOD_MATCH = YES;
				"CODE_SIGN_IDENTITY[sdk=iphoneos*]" = "iPhone Developer";
				COPY_PHASE_STRIP = NO;
				DEBUG_INFORMATION_FORMAT = "dwarf-with-dsym";
				ENABLE_NS_ASSERTIONS = NO;
				ENABLE_STRICT_OBJC_MSGSEND = YES;
				GCC_C_LANGUAGE_STANDARD = gnu99;
				GCC_NO_COMMON_BLOCKS = YES;
				GCC_WARN_64_TO_32_BIT_CONVERSION = YES;
				GCC_WARN_ABOUT_RETURN_TYPE = YES_ERROR;
				GCC_WARN_UNDECLARED_SELECTOR = YES;
				GCC_WARN_UNINITIALIZED_AUTOS = YES_AGGRESSIVE;
				GCC_WARN_UNUSED_FUNCTION = YES;
				GCC_WARN_UNUSED_VARIABLE = YES;
				IPHONEOS_DEPLOYMENT_TARGET = 10.0;
				MTL_ENABLE_DEBUG_INFO = NO;
				SDKROOT = iphoneos;
				VALIDATE_PRODUCT = YES;
			};
			name = Release;
		};
		A05807E81DB859C900831576 /* Debug */ = {
			isa = XCBuildConfiguration;
			buildSettings = {
				ASSETCATALOG_COMPILER_APPICON_NAME = AppIcon;
				INFOPLIST_FILE = 3DTouchDemo/Info.plist;
				LD_RUNPATH_SEARCH_PATHS = "$(inherited) @executable_path/Frameworks";
				PRODUCT_BUNDLE_IDENTIFIER = "com.mobvoi.-DTouchDemo";
				PRODUCT_NAME = "$(TARGET_NAME)";
			};
			name = Debug;
		};
		A05807E91DB859C900831576 /* Release */ = {
			isa = XCBuildConfiguration;
			buildSettings = {
				ASSETCATALOG_COMPILER_APPICON_NAME = AppIcon;
				INFOPLIST_FILE = 3DTouchDemo/Info.plist;
				LD_RUNPATH_SEARCH_PATHS = "$(inherited) @executable_path/Frameworks";
				PRODUCT_BUNDLE_IDENTIFIER = "com.mobvoi.-DTouchDemo";
				PRODUCT_NAME = "$(TARGET_NAME)";
			};
			name = Release;
		};
		A05807EB1DB859C900831576 /* Debug */ = {
			isa = XCBuildConfiguration;
			buildSettings = {
				BUNDLE_LOADER = "$(TEST_HOST)";
				INFOPLIST_FILE = 3DTouchDemoTests/Info.plist;
				LD_RUNPATH_SEARCH_PATHS = "$(inherited) @executable_path/Frameworks @loader_path/Frameworks";
				PRODUCT_BUNDLE_IDENTIFIER = "com.mobvoi.-DTouchDemoTests";
				PRODUCT_NAME = "$(TARGET_NAME)";
				TEST_HOST = "$(BUILT_PRODUCTS_DIR)/3DTouchDemo.app/3DTouchDemo";
			};
			name = Debug;
		};
		A05807EC1DB859C900831576 /* Release */ = {
			isa = XCBuildConfiguration;
			buildSettings = {
				BUNDLE_LOADER = "$(TEST_HOST)";
				INFOPLIST_FILE = 3DTouchDemoTests/Info.plist;
				LD_RUNPATH_SEARCH_PATHS = "$(inherited) @executable_path/Frameworks @loader_path/Frameworks";
				PRODUCT_BUNDLE_IDENTIFIER = "com.mobvoi.-DTouchDemoTests";
				PRODUCT_NAME = "$(TARGET_NAME)";
				TEST_HOST = "$(BUILT_PRODUCTS_DIR)/3DTouchDemo.app/3DTouchDemo";
			};
			name = Release;
		};
		A05807EE1DB859C900831576 /* Debug */ = {
			isa = XCBuildConfiguration;
			buildSettings = {
				INFOPLIST_FILE = 3DTouchDemoUITests/Info.plist;
				LD_RUNPATH_SEARCH_PATHS = "$(inherited) @executable_path/Frameworks @loader_path/Frameworks";
				PRODUCT_BUNDLE_IDENTIFIER = "com.mobvoi.-DTouchDemoUITests";
				PRODUCT_NAME = "$(TARGET_NAME)";
				TEST_TARGET_NAME = 3DTouchDemo;
			};
			name = Debug;
		};
		A05807EF1DB859C900831576 /* Release */ = {
			isa = XCBuildConfiguration;
			buildSettings = {
				INFOPLIST_FILE = 3DTouchDemoUITests/Info.plist;
				LD_RUNPATH_SEARCH_PATHS = "$(inherited) @executable_path/Frameworks @loader_path/Frameworks";
				PRODUCT_BUNDLE_IDENTIFIER = "com.mobvoi.-DTouchDemoUITests";
				PRODUCT_NAME = "$(TARGET_NAME)";
				TEST_TARGET_NAME = 3DTouchDemo;
			};
			name = Release;
		};
/* End XCBuildConfiguration section */

/* Begin XCConfigurationList section */
		A05807B51DB859C900831576 /* Build configuration list for PBXProject "3DTouchDemo" */ = {
			isa = XCConfigurationList;
			buildConfigurations = (
				A05807E51DB859C900831576 /* Debug */,
				A05807E61DB859C900831576 /* Release */,
			);
			defaultConfigurationIsVisible = 0;
			defaultConfigurationName = Release;
		};
		A05807E71DB859C900831576 /* Build configuration list for PBXNativeTarget "3DTouchDemo" */ = {
			isa = XCConfigurationList;
			buildConfigurations = (
				A05807E81DB859C900831576 /* Debug */,
				A05807E91DB859C900831576 /* Release */,
			);
			defaultConfigurationIsVisible = 0;
		};
		A05807EA1DB859C900831576 /* Build configuration list for PBXNativeTarget "3DTouchDemoTests" */ = {
			isa = XCConfigurationList;
			buildConfigurations = (
				A05807EB1DB859C900831576 /* Debug */,
				A05807EC1DB859C900831576 /* Release */,
			);
			defaultConfigurationIsVisible = 0;
		};
		A05807ED1DB859C900831576 /* Build configuration list for PBXNativeTarget "3DTouchDemoUITests" */ = {
			isa = XCConfigurationList;
			buildConfigurations = (
				A05807EE1DB859C900831576 /* Debug */,
				A05807EF1DB859C900831576 /* Release */,
			);
			defaultConfigurationIsVisible = 0;
		};
/* End XCConfigurationList section */
	};
	rootObject = A05807B21DB859C900831576 /* Project object */;
}
